{
  "name": "ckeditor4-presets",
  "version": "4.17.1",
  "lockfileVersion": 2,
  "requires": true,
  "packages": {
    "": {
      "name": "ckeditor4-presets",
      "version": "4.17.1",
      "license": "(GPL-2.0-or-later OR LGPL-2.1-or-later OR MPL-1.1-or-later)",
      "dependencies": {
        "ckeditor-plugin-scayt": "https://github.com/WebSpellChecker/ckeditor-plugin-scayt#fcb81290b156fac1cd5e344b7d80e21bfb5177ca",
        "ckeditor-plugin-wsc": "https://github.com/WebSpellChecker/ckeditor-plugin-wsc#4ba7a5fb3529ca372e4ac97aaf1ee338eccec8f7",
        "ckeditor4-plugin-exportpdf": "1.0.4"
      }
    },
    "node_modules/ckeditor-plugin-scayt": {
      "version": "5.7.0",
      "resolved": "git+ssh://git@github.com/WebSpellChecker/ckeditor-plugin-scayt.git#fcb81290b156fac1cd5e344b7d80e21bfb5177ca",
      "integrity": "sha512-EYPHFGT9ZkgTbWfwdJnM/uXDaIYYdUXbxtPLMaO4cAwKijR3TApHQ/TS70m1DKybZ40+hKihinAaCv4Q+tmyNw==",
      "license": "(GPL-2.0-or-later OR LGPL-2.1 OR MPL-1.1)"
    },
    "node_modules/ckeditor-plugin-wsc": {
      "version": "5.7.0",
      "resolved": "git+ssh://git@github.com/WebSpellChecker/ckeditor-plugin-wsc.git#4ba7a5fb3529ca372e4ac97aaf1ee338eccec8f7",
      "integrity": "sha512-hnSDx/4cGNcT0EEnYpJObMGTT/6fmn4Itmhg16OMOuXqcSXzPun2RlZyzYXUyKX9INccqQ9wHqT58QnwWJsNbg==",
      "license": "(GPL-2.0-or-later OR LGPL-2.1 OR MPL-1.1)"
    },
    "node_modules/ckeditor4": {
      "version": "4.16.2",
      "resolved": "https://registry.npmjs.org/ckeditor4/-/ckeditor4-4.16.2.tgz",
      "integrity": "sha512-5x2FmI+yGpQIKISh24Wp4HwjQxN6C4Lw59yh68HbFwcnMu8DvSiZLJfeINGvRG1oQ1L9GzJ5Pqd0PL0KDH08Jw==",
      "peer": true
    },
    "node_modules/ckeditor4-plugin-exportpdf": {
      "version": "1.0.4",
      "resolved": "https://registry.npmjs.org/ckeditor4-plugin-exportpdf/-/ckeditor4-plugin-exportpdf-1.0.4.tgz",
      "integrity": "sha512-g13BE/4CqCz3Et/CQ+4HDG8BM5BmN6Zrhi2eiVVqbs7XPLhhr3aKEAuSmDArStPCQ3khq6ZxowRe+bY8X3IVDw==",
      "peerDependencies": {
        "ckeditor4": ">=4.6.1"
      }
    }
  },
  "dependencies": {
    "ckeditor-plugin-scayt": {
      "version": "git+ssh://git@github.com/WebSpellChecker/ckeditor-plugin-scayt.git#fcb81290b156fac1cd5e344b7d80e21bfb5177ca",
      "integrity": "sha512-EYPHFGT9ZkgTbWfwdJnM/uXDaIYYdUXbxtPLMaO4cAwKijR3TApHQ/TS70m1DKybZ40+hKihinAaCv4Q+tmyNw==",
      "from": "ckeditor-plugin-scayt@https://github.com/WebSpellChecker/ckeditor-plugin-scayt#fcb81290b156fac1cd5e344b7d80e21bfb5177ca"
    },
    "ckeditor-plugin-wsc": {
      "version": "git+ssh://git@github.com/WebSpellChecker/ckeditor-plugin-wsc.git#4ba7a5fb3529ca372e4ac97aaf1ee338eccec8f7",
      "integrity": "sha512-hnSDx/4cGNcT0EEnYpJObMGTT/6fmn4Itmhg16OMOuXqcSXzPun2RlZyzYXUyKX9INccqQ9wHqT58QnwWJsNbg==",
      "from": "ckeditor-plugin-wsc@https://github.com/WebSpellChecker/ckeditor-plugin-wsc#4ba7a5fb3529ca372e4ac97aaf1ee338eccec8f7"
    },
    "ckeditor4": {
      "version": "4.16.2",
      "resolved": "https://registry.npmjs.org/ckeditor4/-/ckeditor4-4.16.2.tgz",
      "integrity": "sha512-5x2FmI+yGpQIKISh24Wp4HwjQxN6C4Lw59yh68HbFwcnMu8DvSiZLJfeINGvRG1oQ1L9GzJ5Pqd0PL0KDH08Jw==",
      "peer": true
    },
    "ckeditor4-plugin-exportpdf": {
      "version": "1.0.4",
      "resolved": "https://registry.npmjs.org/ckeditor4-plugin-exportpdf/-/ckeditor4-plugin-exportpdf-1.0.4.tgz",
      "integrity": "sha512-g13BE/4CqCz3Et/CQ+4HDG8BM5BmN6Zrhi2eiVVqbs7XPLhhr3aKEAuSmDArStPCQ3khq6ZxowRe+bY8X3IVDw==",
      "requires": {}
    }
  }
}
