{
  "name": "ckeditor4-presets",
  "version": "4.16.1",
  "lockfileVersion": 1,
  "requires": true,
  "dependencies": {
    "ckeditor-plugin-scayt": {
      "version": "git+https://github.com/WebSpellChecker/ckeditor-plugin-scayt.git#0e3a94a7db581f8773266563ee6c6536cab412a9",
      "from": "git+https://github.com/WebSpellChecker/ckeditor-plugin-scayt.git#0e3a94a7db581f8773266563ee6c6536cab412a9"
    },
    "ckeditor-plugin-wsc": {
      "version": "git+https://github.com/WebSpellChecker/ckeditor-plugin-wsc.git#fef16e9fcab7cb0ce54ec945e7c4d820a803adb0",
      "from": "git+https://github.com/WebSpellChecker/ckeditor-plugin-wsc.git#fef16e9fcab7cb0ce54ec945e7c4d820a803adb0"
    },
    "ckeditor4-plugin-exportpdf": {
      "version": "1.0.2",
      "resolved": "https://registry.npmjs.org/ckeditor4-plugin-exportpdf/-/ckeditor4-plugin-exportpdf-1.0.2.tgz",
      "integrity": "sha512-O9PugzVvGzVMUxSWvYbMy/t0lGhKHEvMTeSIZUzZ8BB9Js+CUScGInNFxZ2axmZHta7kEJ/qXEAkGTexhfsY+w=="
    }
  }
}
